
Microsoft Visual Studio Solution File, Format Version 12.00
# Visual Studio Version 17
VisualStudioVersion = 17.4.33213.308
MinimumVisualStudioVersion = 10.0.40219.1
Project("{FAE04EC0-301F-11D3-BF4B-00C04F79EFBC}") = "WebApplication4", "WebApplication4\WebApplication4.csproj", "{B5DB7D15-1AD1-40BE-93BA-41094C110818}"
EndProject
Global
	GlobalSection(SolutionConfigurationPlatforms) = preSolution
		Debug|Any CPU = Debug|Any CPU
		Release|Any CPU = Release|Any CPU
	EndGlobalSection
	GlobalSection(ProjectConfigurationPlatforms) = postSolution
		{B5DB7D15-1AD1-40BE-93BA-41094C110818}.Debug|Any CPU.ActiveCfg = Debug|Any CPU
		{B5DB7D15-1AD1-40BE-93BA-41094C110818}.Debug|Any CPU.Build.0 = Debug|Any CPU
		{B5DB7D15-1AD1-40BE-93BA-41094C110818}.Release|Any CPU.ActiveCfg = Release|Any CPU
		{B5DB7D15-1AD1-40BE-93BA-41094C110818}.Release|Any CPU.Build.0 = Release|Any CPU
	EndGlobalSection
	GlobalSection(SolutionProperties) = preSolution
		HideSolutionNode = FALSE
	EndGlobalSection
	GlobalSection(ExtensibilityGlobals) = postSolution
		SolutionGuid = {6475A43D-6558-402A-9CE8-63353C036C67}
	EndGlobalSection
EndGlobal
